
Microsoft Visual Studio Solution File, Format Version 12.00
# Visual Studio Version 17
VisualStudioVersion = 17.5.002.0
MinimumVisualStudioVersion = 10.0.40219.1
Project("{9A19103F-16F7-4668-BE54-9A1E7A4F7556}") = "custom-metrics", "custom-metrics\custom-metrics.csproj", "{104BAF95-A81F-475F-A529-69E7BC861F2F}"
EndProject
Project("{9A19103F-16F7-4668-BE54-9A1E7A4F7556}") = "opentelemetry-example", "opentelemetry-example\opentelemetry-example.csproj", "{A64B8DB4-15A5-427C-95C8-333351704B95}"
EndProject
Project("{9A19103F-16F7-4668-BE54-9A1E7A4F7556}") = "custom-activitysource-tracing", "custom-activitysource-tracing\custom-activitysource-tracing.csproj", "{BB2C9F8F-64FA-4E42-A1C4-9FDDF694C51E}"
EndProject
Global
	GlobalSection(SolutionConfigurationPlatforms) = preSolution
		Debug|Any CPU = Debug|Any CPU
		Release|Any CPU = Release|Any CPU
	EndGlobalSection
	GlobalSection(ProjectConfigurationPlatforms) = postSolution
		{104BAF95-A81F-475F-A529-69E7BC861F2F}.Debug|Any CPU.ActiveCfg = Debug|Any CPU
		{104BAF95-A81F-475F-A529-69E7BC861F2F}.Debug|Any CPU.Build.0 = Debug|Any CPU
		{104BAF95-A81F-475F-A529-69E7BC861F2F}.Release|Any CPU.ActiveCfg = Release|Any CPU
		{104BAF95-A81F-475F-A529-69E7BC861F2F}.Release|Any CPU.Build.0 = Release|Any CPU
		{A64B8DB4-15A5-427C-95C8-333351704B95}.Debug|Any CPU.ActiveCfg = Debug|Any CPU
		{A64B8DB4-15A5-427C-95C8-333351704B95}.Debug|Any CPU.Build.0 = Debug|Any CPU
		{A64B8DB4-15A5-427C-95C8-333351704B95}.Release|Any CPU.ActiveCfg = Release|Any CPU
		{A64B8DB4-15A5-427C-95C8-333351704B95}.Release|Any CPU.Build.0 = Release|Any CPU
		{BB2C9F8F-64FA-4E42-A1C4-9FDDF694C51E}.Debug|Any CPU.ActiveCfg = Debug|Any CPU
		{BB2C9F8F-64FA-4E42-A1C4-9FDDF694C51E}.Debug|Any CPU.Build.0 = Debug|Any CPU
		{BB2C9F8F-64FA-4E42-A1C4-9FDDF694C51E}.Release|Any CPU.ActiveCfg = Release|Any CPU
		{BB2C9F8F-64FA-4E42-A1C4-9FDDF694C51E}.Release|Any CPU.Build.0 = Release|Any CPU
	EndGlobalSection
	GlobalSection(SolutionProperties) = preSolution
		HideSolutionNode = FALSE
	EndGlobalSection
	GlobalSection(ExtensibilityGlobals) = postSolution
		SolutionGuid = {32C1755B-07DF-47C6-A70F-B56A08459936}
	EndGlobalSection
EndGlobal
